// !$*UTF8*$!
{
	archiveVersion = 1;
	classes = {
	};
	objectVersion = 56;
	objects = {

/* Begin PBXBuildFile section */
		149B40AC41FAC16D97621B2B /* Pods_MyOcrReader.framework in Frameworks */ = {isa = PBXBuildFile; fileRef = 76812998572062E58F660494 /* Pods_MyOcrReader.framework */; };
		5C3E0F268FA824987716DA53 /* Pods_MyOcrReaderTests.framework in Frameworks */ = {isa = PBXBuildFile; fileRef = 6587469E88D8251D082BFB24 /* Pods_MyOcrReaderTests.framework */; };
		AA0D6BA62A53D102008D6F81 /* TextRecognizerViewModel.swift in Sources */ = {isa = PBXBuildFile; fileRef = AA0D6BA52A53D102008D6F81 /* TextRecognizerViewModel.swift */; };
		AAA1CA1C2A4E94EE00990952 /* MyOcrReaderApp.swift in Sources */ = {isa = PBXBuildFile; fileRef = AAA1CA1B2A4E94EE00990952 /* MyOcrReaderApp.swift */; };
		AAA1CA1E2A4E94EE00990952 /* ContentView.swift in Sources */ = {isa = PBXBuildFile; fileRef = AAA1CA1D2A4E94EE00990952 /* ContentView.swift */; };
		AAA1CA202A4E94F000990952 /* Assets.xcassets in Resources */ = {isa = PBXBuildFile; fileRef = AAA1CA1F2A4E94F000990952 /* Assets.xcassets */; };
		AAA1CA232A4E94F000990952 /* Preview Assets.xcassets in Resources */ = {isa = PBXBuildFile; fileRef = AAA1CA222A4E94F000990952 /* Preview Assets.xcassets */; };
		AAA1CA2D2A4E94F100990952 /* MyOcrReaderTests.swift in Sources */ = {isa = PBXBuildFile; fileRef = AAA1CA2C2A4E94F100990952 /* MyOcrReaderTests.swift */; };
		AAA1CA372A4E94F100990952 /* MyOcrReaderUITests.swift in Sources */ = {isa = PBXBuildFile; fileRef = AAA1CA362A4E94F100990952 /* MyOcrReaderUITests.swift */; };
		AAA1CA392A4E94F100990952 /* MyOcrReaderUITestsLaunchTests.swift in Sources */ = {isa = PBXBuildFile; fileRef = AAA1CA382A4E94F100990952 /* MyOcrReaderUITestsLaunchTests.swift */; };
		AAD225682A59FF52005D949E /* TextRecognizerService.swift in Sources */ = {isa = PBXBuildFile; fileRef = AAD225672A59FF52005D949E /* TextRecognizerService.swift */; };
		AAD2256A2A5A03DA005D949E /* MLKitTextRecognizer.swift in Sources */ = {isa = PBXBuildFile; fileRef = AAD225692A5A03DA005D949E /* MLKitTextRecognizer.swift */; };
		AAD2256C2A5A15C5005D949E /* TextRecognizerView.swift in Sources */ = {isa = PBXBuildFile; fileRef = AAD2256B2A5A15C5005D949E /* TextRecognizerView.swift */; };
		AAD2256E2A5A7562005D949E /* ContentViewModel.swift in Sources */ = {isa = PBXBuildFile; fileRef = AAD2256D2A5A7562005D949E /* ContentViewModel.swift */; };
		B105226C317E3553275A4AFD /* Pods_MyOcrReader_MyOcrReaderUITests.framework in Frameworks */ = {isa = PBXBuildFile; fileRef = 9C04DDDA95B52DC28669BF66 /* Pods_MyOcrReader_MyOcrReaderUITests.framework */; };
/* End PBXBuildFile section */

/* Begin PBXContainerItemProxy section */
		AAA1CA292A4E94F100990952 /* PBXContainerItemProxy */ = {
			isa = PBXContainerItemProxy;
			containerPortal = AAA1CA102A4E94EE00990952 /* Project object */;
			proxyType = 1;
			remoteGlobalIDString = AAA1CA172A4E94EE00990952;
			remoteInfo = MyOcrReader;
		};
		AAA1CA332A4E94F100990952 /* PBXContainerItemProxy */ = {
			isa = PBXContainerItemProxy;
			containerPortal = AAA1CA102A4E94EE00990952 /* Project object */;
			proxyType = 1;
			remoteGlobalIDString = AAA1CA172A4E94EE00990952;
			remoteInfo = MyOcrReader;
		};
/* End PBXContainerItemProxy section */

/* Begin PBXFileReference section */
		1CAE7CBC43FDEE113F51285C /* Pods-MyOcrReader.release.xcconfig */ = {isa = PBXFileReference; includeInIndex = 1; lastKnownFileType = text.xcconfig; name = "Pods-MyOcrReader.release.xcconfig"; path = "Target Support Files/Pods-MyOcrReader/Pods-MyOcrReader.release.xcconfig"; sourceTree = "<group>"; };
		355FE1CBF35D644F3EAC1FAD /* Pods-MyOcrReaderTests.release.xcconfig */ = {isa = PBXFileReference; includeInIndex = 1; lastKnownFileType = text.xcconfig; name = "Pods-MyOcrReaderTests.release.xcconfig"; path = "Target Support Files/Pods-MyOcrReaderTests/Pods-MyOcrReaderTests.release.xcconfig"; sourceTree = "<group>"; };
		6587469E88D8251D082BFB24 /* Pods_MyOcrReaderTests.framework */ = {isa = PBXFileReference; explicitFileType = wrapper.framework; includeInIndex = 0; path = Pods_MyOcrReaderTests.framework; sourceTree = BUILT_PRODUCTS_DIR; };
		76812998572062E58F660494 /* Pods_MyOcrReader.framework */ = {isa = PBXFileReference; explicitFileType = wrapper.framework; includeInIndex = 0; path = Pods_MyOcrReader.framework; sourceTree = BUILT_PRODUCTS_DIR; };
		9C04DDDA95B52DC28669BF66 /* Pods_MyOcrReader_MyOcrReaderUITests.framework */ = {isa = PBXFileReference; explicitFileType = wrapper.framework; includeInIndex = 0; path = Pods_MyOcrReader_MyOcrReaderUITests.framework; sourceTree = BUILT_PRODUCTS_DIR; };
		A99513A8DF87DB33F0E92B92 /* Pods-MyOcrReader-MyOcrReaderUITests.debug.xcconfig */ = {isa = PBXFileReference; includeInIndex = 1; lastKnownFileType = text.xcconfig; name = "Pods-MyOcrReader-MyOcrReaderUITests.debug.xcconfig"; path = "Target Support Files/Pods-MyOcrReader-MyOcrReaderUITests/Pods-MyOcrReader-MyOcrReaderUITests.debug.xcconfig"; sourceTree = "<group>"; };
		AA0D6BA52A53D102008D6F81 /* TextRecognizerViewModel.swift */ = {isa = PBXFileReference; lastKnownFileType = sourcecode.swift; path = TextRecognizerViewModel.swift; sourceTree = "<group>"; };
		AAA1CA182A4E94EE00990952 /* MyOcrReader.app */ = {isa = PBXFileReference; explicitFileType = wrapper.application; includeInIndex = 0; path = MyOcrReader.app; sourceTree = BUILT_PRODUCTS_DIR; };
		AAA1CA1B2A4E94EE00990952 /* MyOcrReaderApp.swift */ = {isa = PBXFileReference; lastKnownFileType = sourcecode.swift; path = MyOcrReaderApp.swift; sourceTree = "<group>"; };
		AAA1CA1D2A4E94EE00990952 /* ContentView.swift */ = {isa = PBXFileReference; lastKnownFileType = sourcecode.swift; path = ContentView.swift; sourceTree = "<group>"; };
		AAA1CA1F2A4E94F000990952 /* Assets.xcassets */ = {isa = PBXFileReference; lastKnownFileType = folder.assetcatalog; path = Assets.xcassets; sourceTree = "<group>"; };
		AAA1CA222A4E94F000990952 /* Preview Assets.xcassets */ = {isa = PBXFileReference; lastKnownFileType = folder.assetcatalog; path = "Preview Assets.xcassets"; sourceTree = "<group>"; };
		AAA1CA282A4E94F100990952 /* MyOcrReaderTests.xctest */ = {isa = PBXFileReference; explicitFileType = wrapper.cfbundle; includeInIndex = 0; path = MyOcrReaderTests.xctest; sourceTree = BUILT_PRODUCTS_DIR; };
		AAA1CA2C2A4E94F100990952 /* MyOcrReaderTests.swift */ = {isa = PBXFileReference; lastKnownFileType = sourcecode.swift; path = MyOcrReaderTests.swift; sourceTree = "<group>"; };
		AAA1CA322A4E94F100990952 /* MyOcrReaderUITests.xctest */ = {isa = PBXFileReference; explicitFileType = wrapper.cfbundle; includeInIndex = 0; path = MyOcrReaderUITests.xctest; sourceTree = BUILT_PRODUCTS_DIR; };
		AAA1CA362A4E94F100990952 /* MyOcrReaderUITests.swift */ = {isa = PBXFileReference; lastKnownFileType = sourcecode.swift; path = MyOcrReaderUITests.swift; sourceTree = "<group>"; };
		AAA1CA382A4E94F100990952 /* MyOcrReaderUITestsLaunchTests.swift */ = {isa = PBXFileReference; lastKnownFileType = sourcecode.swift; path = MyOcrReaderUITestsLaunchTests.swift; sourceTree = "<group>"; };
		AAD225672A59FF52005D949E /* TextRecognizerService.swift */ = {isa = PBXFileReference; lastKnownFileType = sourcecode.swift; path = TextRecognizerService.swift; sourceTree = "<group>"; };
		AAD225692A5A03DA005D949E /* MLKitTextRecognizer.swift */ = {isa = PBXFileReference; lastKnownFileType = sourcecode.swift; path = MLKitTextRecognizer.swift; sourceTree = "<group>"; };
		AAD2256B2A5A15C5005D949E /* TextRecognizerView.swift */ = {isa = PBXFileReference; lastKnownFileType = sourcecode.swift; path = TextRecognizerView.swift; sourceTree = "<group>"; };
		AAD2256D2A5A7562005D949E /* ContentViewModel.swift */ = {isa = PBXFileReference; lastKnownFileType = sourcecode.swift; path = ContentViewModel.swift; sourceTree = "<group>"; };
		C41CAADA6DE025117823D71D /* Pods-MyOcrReader-MyOcrReaderUITests.release.xcconfig */ = {isa = PBXFileReference; includeInIndex = 1; lastKnownFileType = text.xcconfig; name = "Pods-MyOcrReader-MyOcrReaderUITests.release.xcconfig"; path = "Target Support Files/Pods-MyOcrReader-MyOcrReaderUITests/Pods-MyOcrReader-MyOcrReaderUITests.release.xcconfig"; sourceTree = "<group>"; };
		CC5933F2058BAD985AFDA14D /* Pods-MyOcrReaderTests.debug.xcconfig */ = {isa = PBXFileReference; includeInIndex = 1; lastKnownFileType = text.xcconfig; name = "Pods-MyOcrReaderTests.debug.xcconfig"; path = "Target Support Files/Pods-MyOcrReaderTests/Pods-MyOcrReaderTests.debug.xcconfig"; sourceTree = "<group>"; };
		FA58B385D1A3DCF8EA0FF0EA /* Pods-MyOcrReader.debug.xcconfig */ = {isa = PBXFileReference; includeInIndex = 1; lastKnownFileType = text.xcconfig; name = "Pods-MyOcrReader.debug.xcconfig"; path = "Target Support Files/Pods-MyOcrReader/Pods-MyOcrReader.debug.xcconfig"; sourceTree = "<group>"; };
/* End PBXFileReference section */

/* Begin PBXFrameworksBuildPhase section */
		AAA1CA152A4E94EE00990952 /* Frameworks */ = {
			isa = PBXFrameworksBuildPhase;
			buildActionMask = 2147483647;
			files = (
				149B40AC41FAC16D97621B2B /* Pods_MyOcrReader.framework in Frameworks */,
			);
			runOnlyForDeploymentPostprocessing = 0;
		};
		AAA1CA252A4E94F100990952 /* Frameworks */ = {
			isa = PBXFrameworksBuildPhase;
			buildActionMask = 2147483647;
			files = (
				5C3E0F268FA824987716DA53 /* Pods_MyOcrReaderTests.framework in Frameworks */,
			);
			runOnlyForDeploymentPostprocessing = 0;
		};
		AAA1CA2F2A4E94F100990952 /* Frameworks */ = {
			isa = PBXFrameworksBuildPhase;
			buildActionMask = 2147483647;
			files = (
				B105226C317E3553275A4AFD /* Pods_MyOcrReader_MyOcrReaderUITests.framework in Frameworks */,
			);
			runOnlyForDeploymentPostprocessing = 0;
		};
/* End PBXFrameworksBuildPhase section */

/* Begin PBXGroup section */
		086D506BD8D989FE34FE9AB2 /* Pods */ = {
			isa = PBXGroup;
			children = (
				FA58B385D1A3DCF8EA0FF0EA /* Pods-MyOcrReader.debug.xcconfig */,
				1CAE7CBC43FDEE113F51285C /* Pods-MyOcrReader.release.xcconfig */,
				A99513A8DF87DB33F0E92B92 /* Pods-MyOcrReader-MyOcrReaderUITests.debug.xcconfig */,
				C41CAADA6DE025117823D71D /* Pods-MyOcrReader-MyOcrReaderUITests.release.xcconfig */,
				CC5933F2058BAD985AFDA14D /* Pods-MyOcrReaderTests.debug.xcconfig */,
				355FE1CBF35D644F3EAC1FAD /* Pods-MyOcrReaderTests.release.xcconfig */,
			);
			path = Pods;
			sourceTree = "<group>";
		};
		30264212C6E1767A777DCEC1 /* Frameworks */ = {
			isa = PBXGroup;
			children = (
				76812998572062E58F660494 /* Pods_MyOcrReader.framework */,
				9C04DDDA95B52DC28669BF66 /* Pods_MyOcrReader_MyOcrReaderUITests.framework */,
				6587469E88D8251D082BFB24 /* Pods_MyOcrReaderTests.framework */,
			);
			name = Frameworks;
			sourceTree = "<group>";
		};
		AAA1CA0F2A4E94EE00990952 = {
			isa = PBXGroup;
			children = (
				AAA1CA1A2A4E94EE00990952 /* MyOcrReader */,
				AAA1CA2B2A4E94F100990952 /* MyOcrReaderTests */,
				AAA1CA352A4E94F100990952 /* MyOcrReaderUITests */,
				AAA1CA192A4E94EE00990952 /* Products */,
				086D506BD8D989FE34FE9AB2 /* Pods */,
				30264212C6E1767A777DCEC1 /* Frameworks */,
			);
			sourceTree = "<group>";
		};
		AAA1CA192A4E94EE00990952 /* Products */ = {
			isa = PBXGroup;
			children = (
				AAA1CA182A4E94EE00990952 /* MyOcrReader.app */,
				AAA1CA282A4E94F100990952 /* MyOcrReaderTests.xctest */,
				AAA1CA322A4E94F100990952 /* MyOcrReaderUITests.xctest */,
			);
			name = Products;
			sourceTree = "<group>";
		};
		AAA1CA1A2A4E94EE00990952 /* MyOcrReader */ = {
			isa = PBXGroup;
			children = (
				AAA1CA1B2A4E94EE00990952 /* MyOcrReaderApp.swift */,
				AAA1CA1D2A4E94EE00990952 /* ContentView.swift */,
				AAD2256D2A5A7562005D949E /* ContentViewModel.swift */,
				AAD2256B2A5A15C5005D949E /* TextRecognizerView.swift */,
				AA0D6BA52A53D102008D6F81 /* TextRecognizerViewModel.swift */,
				AAD225672A59FF52005D949E /* TextRecognizerService.swift */,
				AAD225692A5A03DA005D949E /* MLKitTextRecognizer.swift */,
				AAA1CA1F2A4E94F000990952 /* Assets.xcassets */,
				AAA1CA212A4E94F000990952 /* Preview Content */,
			);
			path = MyOcrReader;
			sourceTree = "<group>";
		};
		AAA1CA212A4E94F000990952 /* Preview Content */ = {
			isa = PBXGroup;
			children = (
				AAA1CA222A4E94F000990952 /* Preview Assets.xcassets */,
			);
			path = "Preview Content";
			sourceTree = "<group>";
		};
		AAA1CA2B2A4E94F100990952 /* MyOcrReaderTests */ = {
			isa = PBXGroup;
			children = (
				AAA1CA2C2A4E94F100990952 /* MyOcrReaderTests.swift */,
			);
			path = MyOcrReaderTests;
			sourceTree = "<group>";
		};
		AAA1CA352A4E94F100990952 /* MyOcrReaderUITests */ = {
			isa = PBXGroup;
			children = (
				AAA1CA362A4E94F100990952 /* MyOcrReaderUITests.swift */,
				AAA1CA382A4E94F100990952 /* MyOcrReaderUITestsLaunchTests.swift */,
			);
			path = MyOcrReaderUITests;
			sourceTree = "<group>";
		};
/* End PBXGroup section */

/* Begin PBXNativeTarget section */
		AAA1CA172A4E94EE00990952 /* MyOcrReader */ = {
			isa = PBXNativeTarget;
			buildConfigurationList = AAA1CA3C2A4E94F100990952 /* Build configuration list for PBXNativeTarget "MyOcrReader" */;
			buildPhases = (
				E911D7F703E79AC9E49E3B50 /* [CP] Check Pods Manifest.lock */,
				AAA1CA142A4E94EE00990952 /* Sources */,
				AAA1CA152A4E94EE00990952 /* Frameworks */,
				AAA1CA162A4E94EE00990952 /* Resources */,
				549F1952E65036D73E7C5F75 /* [CP] Embed Pods Frameworks */,
				27BE2C65E9301116F634E5EA /* [CP] Copy Pods Resources */,
			);
			buildRules = (
			);
			dependencies = (
			);
			name = MyOcrReader;
			productName = MyOcrReader;
			productReference = AAA1CA182A4E94EE00990952 /* MyOcrReader.app */;
			productType = "com.apple.product-type.application";
		};
		AAA1CA272A4E94F100990952 /* MyOcrReaderTests */ = {
			isa = PBXNativeTarget;
			buildConfigurationList = AAA1CA3F2A4E94F100990952 /* Build configuration list for PBXNativeTarget "MyOcrReaderTests" */;
			buildPhases = (
				0EE43DB62E1C8FE77A0E1897 /* [CP] Check Pods Manifest.lock */,
				AAA1CA242A4E94F100990952 /* Sources */,
				AAA1CA252A4E94F100990952 /* Frameworks */,
				AAA1CA262A4E94F100990952 /* Resources */,
			);
			buildRules = (
			);
			dependencies = (
				AAA1CA2A2A4E94F100990952 /* PBXTargetDependency */,
			);
			name = MyOcrReaderTests;
			productName = MyOcrReaderTests;
			productReference = AAA1CA282A4E94F100990952 /* MyOcrReaderTests.xctest */;
			productType = "com.apple.product-type.bundle.unit-test";
		};
		AAA1CA312A4E94F100990952 /* MyOcrReaderUITests */ = {
			isa = PBXNativeTarget;
			buildConfigurationList = AAA1CA422A4E94F100990952 /* Build configuration list for PBXNativeTarget "MyOcrReaderUITests" */;
			buildPhases = (
				E3A017A0B9B04F67FD627483 /* [CP] Check Pods Manifest.lock */,
				AAA1CA2E2A4E94F100990952 /* Sources */,
				AAA1CA2F2A4E94F100990952 /* Frameworks */,
				AAA1CA302A4E94F100990952 /* Resources */,
				EF8D247AC55093C21655DCB7 /* [CP] Embed Pods Frameworks */,
				6537F466383B706801A4C4AF /* [CP] Copy Pods Resources */,
			);
			buildRules = (
			);
			dependencies = (
				AAA1CA342A4E94F100990952 /* PBXTargetDependency */,
			);
			name = MyOcrReaderUITests;
			productName = MyOcrReaderUITests;
			productReference = AAA1CA322A4E94F100990952 /* MyOcrReaderUITests.xctest */;
			productType = "com.apple.product-type.bundle.ui-testing";
		};
/* End PBXNativeTarget section */

/* Begin PBXProject section */
		AAA1CA102A4E94EE00990952 /* Project object */ = {
			isa = PBXProject;
			attributes = {
				BuildIndependentTargetsInParallel = 1;
				LastSwiftUpdateCheck = 1430;
				LastUpgradeCheck = 1430;
				TargetAttributes = {
					AAA1CA172A4E94EE00990952 = {
						CreatedOnToolsVersion = 14.3.1;
					};
					AAA1CA272A4E94F100990952 = {
						CreatedOnToolsVersion = 14.3.1;
						TestTargetID = AAA1CA172A4E94EE00990952;
					};
					AAA1CA312A4E94F100990952 = {
						CreatedOnToolsVersion = 14.3.1;
						TestTargetID = AAA1CA172A4E94EE00990952;
					};
				};
			};
			buildConfigurationList = AAA1CA132A4E94EE00990952 /* Build configuration list for PBXProject "MyOcrReader" */;
			compatibilityVersion = "Xcode 14.0";
			developmentRegion = en;
			hasScannedForEncodings = 0;
			knownRegions = (
				en,
				Base,
			);
			mainGroup = AAA1CA0F2A4E94EE00990952;
			productRefGroup = AAA1CA192A4E94EE00990952 /* Products */;
			projectDirPath = "";
			projectRoot = "";
			targets = (
				AAA1CA172A4E94EE00990952 /* MyOcrReader */,
				AAA1CA272A4E94F100990952 /* MyOcrReaderTests */,
				AAA1CA312A4E94F100990952 /* MyOcrReaderUITests */,
			);
		};
/* End PBXProject section */

/* Begin PBXResourcesBuildPhase section */
		AAA1CA162A4E94EE00990952 /* Resources */ = {
			isa = PBXResourcesBuildPhase;
			buildActionMask = 2147483647;
			files = (
				AAA1CA232A4E94F000990952 /* Preview Assets.xcassets in Resources */,
				AAA1CA202A4E94F000990952 /* Assets.xcassets in Resources */,
			);
			runOnlyForDeploymentPostprocessing = 0;
		};
		AAA1CA262A4E94F100990952 /* Resources */ = {
			isa = PBXResourcesBuildPhase;
			buildActionMask = 2147483647;
			files = (
			);
			runOnlyForDeploymentPostprocessing = 0;
		};
		AAA1CA302A4E94F100990952 /* Resources */ = {
			isa = PBXResourcesBuildPhase;
			buildActionMask = 2147483647;
			files = (
			);
			runOnlyForDeploymentPostprocessing = 0;
		};
/* End PBXResourcesBuildPhase section */

/* Begin PBXShellScriptBuildPhase section */
		0EE43DB62E1C8FE77A0E1897 /* [CP] Check Pods Manifest.lock */ = {
			isa = PBXShellScriptBuildPhase;
			buildActionMask = 2147483647;
			files = (
			);
			inputFileListPaths = (
			);
			inputPaths = (
				"${PODS_PODFILE_DIR_PATH}/Podfile.lock",
				"${PODS_ROOT}/Manifest.lock",
			);
			name = "[CP] Check Pods Manifest.lock";
			outputFileListPaths = (
			);
			outputPaths = (
				"$(DERIVED_FILE_DIR)/Pods-MyOcrReaderTests-checkManifestLockResult.txt",
			);
			runOnlyForDeploymentPostprocessing = 0;
			shellPath = /bin/sh;
			shellScript = "diff \"${PODS_PODFILE_DIR_PATH}/Podfile.lock\" \"${PODS_ROOT}/Manifest.lock\" > /dev/null\nif [ $? != 0 ] ; then\n    # print error to STDERR\n    echo \"error: The sandbox is not in sync with the Podfile.lock. Run 'pod install' or update your CocoaPods installation.\" >&2\n    exit 1\nfi\n# This output is used by Xcode 'outputs' to avoid re-running this script phase.\necho \"SUCCESS\" > \"${SCRIPT_OUTPUT_FILE_0}\"\n";
			showEnvVarsInLog = 0;
		};
		27BE2C65E9301116F634E5EA /* [CP] Copy Pods Resources */ = {
			isa = PBXShellScriptBuildPhase;
			buildActionMask = 2147483647;
			files = (
			);
			inputFileListPaths = (
				"${PODS_ROOT}/Target Support Files/Pods-MyOcrReader/Pods-MyOcrReader-resources-${CONFIGURATION}-input-files.xcfilelist",
			);
			name = "[CP] Copy Pods Resources";
			outputFileListPaths = (
				"${PODS_ROOT}/Target Support Files/Pods-MyOcrReader/Pods-MyOcrReader-resources-${CONFIGURATION}-output-files.xcfilelist",
			);
			runOnlyForDeploymentPostprocessing = 0;
			shellPath = /bin/sh;
			shellScript = "\"${PODS_ROOT}/Target Support Files/Pods-MyOcrReader/Pods-MyOcrReader-resources.sh\"\n";
			showEnvVarsInLog = 0;
		};
		549F1952E65036D73E7C5F75 /* [CP] Embed Pods Frameworks */ = {
			isa = PBXShellScriptBuildPhase;
			buildActionMask = 2147483647;
			files = (
			);
			inputFileListPaths = (
				"${PODS_ROOT}/Target Support Files/Pods-MyOcrReader/Pods-MyOcrReader-frameworks-${CONFIGURATION}-input-files.xcfilelist",
			);
			name = "[CP] Embed Pods Frameworks";
			outputFileListPaths = (
				"${PODS_ROOT}/Target Support Files/Pods-MyOcrReader/Pods-MyOcrReader-frameworks-${CONFIGURATION}-output-files.xcfilelist",
			);
			runOnlyForDeploymentPostprocessing = 0;
			shellPath = /bin/sh;
			shellScript = "\"${PODS_ROOT}/Target Support Files/Pods-MyOcrReader/Pods-MyOcrReader-frameworks.sh\"\n";
			showEnvVarsInLog = 0;
		};
		6537F466383B706801A4C4AF /* [CP] Copy Pods Resources */ = {
			isa = PBXShellScriptBuildPhase;
			buildActionMask = 2147483647;
			files = (
			);
			inputFileListPaths = (
				"${PODS_ROOT}/Target Support Files/Pods-MyOcrReader-MyOcrReaderUITests/Pods-MyOcrReader-MyOcrReaderUITests-resources-${CONFIGURATION}-input-files.xcfilelist",
			);
			name = "[CP] Copy Pods Resources";
			outputFileListPaths = (
				"${PODS_ROOT}/Target Support Files/Pods-MyOcrReader-MyOcrReaderUITests/Pods-MyOcrReader-MyOcrReaderUITests-resources-${CONFIGURATION}-output-files.xcfilelist",
			);
			runOnlyForDeploymentPostprocessing = 0;
			shellPath = /bin/sh;
			shellScript = "\"${PODS_ROOT}/Target Support Files/Pods-MyOcrReader-MyOcrReaderUITests/Pods-MyOcrReader-MyOcrReaderUITests-resources.sh\"\n";
			showEnvVarsInLog = 0;
		};
		E3A017A0B9B04F67FD627483 /* [CP] Check Pods Manifest.lock */ = {
			isa = PBXShellScriptBuildPhase;
			buildActionMask = 2147483647;
			files = (
			);
			inputFileListPaths = (
			);
			inputPaths = (
				"${PODS_PODFILE_DIR_PATH}/Podfile.lock",
				"${PODS_ROOT}/Manifest.lock",
			);
			name = "[CP] Check Pods Manifest.lock";
			outputFileListPaths = (
			);
			outputPaths = (
				"$(DERIVED_FILE_DIR)/Pods-MyOcrReader-MyOcrReaderUITests-checkManifestLockResult.txt",
			);
			runOnlyForDeploymentPostprocessing = 0;
			shellPath = /bin/sh;
			shellScript = "diff \"${PODS_PODFILE_DIR_PATH}/Podfile.lock\" \"${PODS_ROOT}/Manifest.lock\" > /dev/null\nif [ $? != 0 ] ; then\n    # print error to STDERR\n    echo \"error: The sandbox is not in sync with the Podfile.lock. Run 'pod install' or update your CocoaPods installation.\" >&2\n    exit 1\nfi\n# This output is used by Xcode 'outputs' to avoid re-running this script phase.\necho \"SUCCESS\" > \"${SCRIPT_OUTPUT_FILE_0}\"\n";
			showEnvVarsInLog = 0;
		};
		E911D7F703E79AC9E49E3B50 /* [CP] Check Pods Manifest.lock */ = {
			isa = PBXShellScriptBuildPhase;
			buildActionMask = 2147483647;
			files = (
			);
			inputFileListPaths = (
			);
			inputPaths = (
				"${PODS_PODFILE_DIR_PATH}/Podfile.lock",
				"${PODS_ROOT}/Manifest.lock",
			);
			name = "[CP] Check Pods Manifest.lock";
			outputFileListPaths = (
			);
			outputPaths = (
				"$(DERIVED_FILE_DIR)/Pods-MyOcrReader-checkManifestLockResult.txt",
			);
			runOnlyForDeploymentPostprocessing = 0;
			shellPath = /bin/sh;
			shellScript = "diff \"${PODS_PODFILE_DIR_PATH}/Podfile.lock\" \"${PODS_ROOT}/Manifest.lock\" > /dev/null\nif [ $? != 0 ] ; then\n    # print error to STDERR\n    echo \"error: The sandbox is not in sync with the Podfile.lock. Run 'pod install' or update your CocoaPods installation.\" >&2\n    exit 1\nfi\n# This output is used by Xcode 'outputs' to avoid re-running this script phase.\necho \"SUCCESS\" > \"${SCRIPT_OUTPUT_FILE_0}\"\n";
			showEnvVarsInLog = 0;
		};
		EF8D247AC55093C21655DCB7 /* [CP] Embed Pods Frameworks */ = {
			isa = PBXShellScriptBuildPhase;
			buildActionMask = 2147483647;
			files = (
			);
			inputFileListPaths = (
				"${PODS_ROOT}/Target Support Files/Pods-MyOcrReader-MyOcrReaderUITests/Pods-MyOcrReader-MyOcrReaderUITests-frameworks-${CONFIGURATION}-input-files.xcfilelist",
			);
			name = "[CP] Embed Pods Frameworks";
			outputFileListPaths = (
				"${PODS_ROOT}/Target Support Files/Pods-MyOcrReader-MyOcrReaderUITests/Pods-MyOcrReader-MyOcrReaderUITests-frameworks-${CONFIGURATION}-output-files.xcfilelist",
			);
			runOnlyForDeploymentPostprocessing = 0;
			shellPath = /bin/sh;
			shellScript = "\"${PODS_ROOT}/Target Support Files/Pods-MyOcrReader-MyOcrReaderUITests/Pods-MyOcrReader-MyOcrReaderUITests-frameworks.sh\"\n";
			showEnvVarsInLog = 0;
		};
/* End PBXShellScriptBuildPhase section */

/* Begin PBXSourcesBuildPhase section */
		AAA1CA142A4E94EE00990952 /* Sources */ = {
			isa = PBXSourcesBuildPhase;
			buildActionMask = 2147483647;
			files = (
				AAD2256A2A5A03DA005D949E /* MLKitTextRecognizer.swift in Sources */,
				AAD2256C2A5A15C5005D949E /* TextRecognizerView.swift in Sources */,
				AAA1CA1E2A4E94EE00990952 /* ContentView.swift in Sources */,
				AAD2256E2A5A7562005D949E /* ContentViewModel.swift in Sources */,
				AAD225682A59FF52005D949E /* TextRecognizerService.swift in Sources */,
				AAA1CA1C2A4E94EE00990952 /* MyOcrReaderApp.swift in Sources */,
				AA0D6BA62A53D102008D6F81 /* TextRecognizerViewModel.swift in Sources */,
			);
			runOnlyForDeploymentPostprocessing = 0;
		};
		AAA1CA242A4E94F100990952 /* Sources */ = {
			isa = PBXSourcesBuildPhase;
			buildActionMask = 2147483647;
			files = (
				AAA1CA2D2A4E94F100990952 /* MyOcrReaderTests.swift in Sources */,
			);
			runOnlyForDeploymentPostprocessing = 0;
		};
		AAA1CA2E2A4E94F100990952 /* Sources */ = {
			isa = PBXSourcesBuildPhase;
			buildActionMask = 2147483647;
			files = (
				AAA1CA392A4E94F100990952 /* MyOcrReaderUITestsLaunchTests.swift in Sources */,
				AAA1CA372A4E94F100990952 /* MyOcrReaderUITests.swift in Sources */,
			);
			runOnlyForDeploymentPostprocessing = 0;
		};
/* End PBXSourcesBuildPhase section */

/* Begin PBXTargetDependency section */
		AAA1CA2A2A4E94F100990952 /* PBXTargetDependency */ = {
			isa = PBXTargetDependency;
			target = AAA1CA172A4E94EE00990952 /* MyOcrReader */;
			targetProxy = AAA1CA292A4E94F100990952 /* PBXContainerItemProxy */;
		};
		AAA1CA342A4E94F100990952 /* PBXTargetDependency */ = {
			isa = PBXTargetDependency;
			target = AAA1CA172A4E94EE00990952 /* MyOcrReader */;
			targetProxy = AAA1CA332A4E94F100990952 /* PBXContainerItemProxy */;
		};
/* End PBXTargetDependency section */

/* Begin XCBuildConfiguration section */
		AAA1CA3A2A4E94F100990952 /* Debug */ = {
			isa = XCBuildConfiguration;
			buildSettings = {
				ALWAYS_SEARCH_USER_PATHS = NO;
				CLANG_ANALYZER_NONNULL = YES;
				CLANG_ANALYZER_NUMBER_OBJECT_CONVERSION = YES_AGGRESSIVE;
				CLANG_CXX_LANGUAGE_STANDARD = "gnu++20";
				CLANG_ENABLE_MODULES = YES;
				CLANG_ENABLE_OBJC_ARC = YES;
				CLANG_ENABLE_OBJC_WEAK = YES;
				CLANG_WARN_BLOCK_CAPTURE_AUTORELEASING = YES;
				CLANG_WARN_BOOL_CONVERSION = YES;
				CLANG_WARN_COMMA = YES;
				CLANG_WARN_CONSTANT_CONVERSION = YES;
				CLANG_WARN_DEPRECATED_OBJC_IMPLEMENTATIONS = YES;
				CLANG_WARN_DIRECT_OBJC_ISA_USAGE = YES_ERROR;
				CLANG_WARN_DOCUMENTATION_COMMENTS = YES;
				CLANG_WARN_EMPTY_BODY = YES;
				CLANG_WARN_ENUM_CONVERSION = YES;
				CLANG_WARN_INFINITE_RECURSION = YES;
				CLANG_WARN_INT_CONVERSION = YES;
				CLANG_WARN_NON_LITERAL_NULL_CONVERSION = YES;
				CLANG_WARN_OBJC_IMPLICIT_RETAIN_SELF = YES;
				CLANG_WARN_OBJC_LITERAL_CONVERSION = YES;
				CLANG_WARN_OBJC_ROOT_CLASS = YES_ERROR;
				CLANG_WARN_QUOTED_INCLUDE_IN_FRAMEWORK_HEADER = YES;
				CLANG_WARN_RANGE_LOOP_ANALYSIS = YES;
				CLANG_WARN_STRICT_PROTOTYPES = YES;
				CLANG_WARN_SUSPICIOUS_MOVE = YES;
				CLANG_WARN_UNGUARDED_AVAILABILITY = YES_AGGRESSIVE;
				CLANG_WARN_UNREACHABLE_CODE = YES;
				CLANG_WARN__DUPLICATE_METHOD_MATCH = YES;
				COPY_PHASE_STRIP = NO;
				DEBUG_INFORMATION_FORMAT = dwarf;
				ENABLE_STRICT_OBJC_MSGSEND = YES;
				ENABLE_TESTABILITY = YES;
				GCC_C_LANGUAGE_STANDARD = gnu11;
				GCC_DYNAMIC_NO_PIC = NO;
				GCC_NO_COMMON_BLOCKS = YES;
				GCC_OPTIMIZATION_LEVEL = 0;
				GCC_PREPROCESSOR_DEFINITIONS = (
					"DEBUG=1",
					"$(inherited)",
				);
				GCC_WARN_64_TO_32_BIT_CONVERSION = YES;
				GCC_WARN_ABOUT_RETURN_TYPE = YES_ERROR;
				GCC_WARN_UNDECLARED_SELECTOR = YES;
				GCC_WARN_UNINITIALIZED_AUTOS = YES_AGGRESSIVE;
				GCC_WARN_UNUSED_FUNCTION = YES;
				GCC_WARN_UNUSED_VARIABLE = YES;
				IPHONEOS_DEPLOYMENT_TARGET = 16.4;
				MTL_ENABLE_DEBUG_INFO = INCLUDE_SOURCE;
				MTL_FAST_MATH = YES;
				ONLY_ACTIVE_ARCH = YES;
				SDKROOT = iphoneos;
				SWIFT_ACTIVE_COMPILATION_CONDITIONS = DEBUG;
				SWIFT_OPTIMIZATION_LEVEL = "-Onone";
			};
			name = Debug;
		};
		AAA1CA3B2A4E94F100990952 /* Release */ = {
			isa = XCBuildConfiguration;
			buildSettings = {
				ALWAYS_SEARCH_USER_PATHS = NO;
				CLANG_ANALYZER_NONNULL = YES;
				CLANG_ANALYZER_NUMBER_OBJECT_CONVERSION = YES_AGGRESSIVE;
				CLANG_CXX_LANGUAGE_STANDARD = "gnu++20";
				CLANG_ENABLE_MODULES = YES;
				CLANG_ENABLE_OBJC_ARC = YES;
				CLANG_ENABLE_OBJC_WEAK = YES;
				CLANG_WARN_BLOCK_CAPTURE_AUTORELEASING = YES;
				CLANG_WARN_BOOL_CONVERSION = YES;
				CLANG_WARN_COMMA = YES;
				CLANG_WARN_CONSTANT_CONVERSION = YES;
				CLANG_WARN_DEPRECATED_OBJC_IMPLEMENTATIONS = YES;
				CLANG_WARN_DIRECT_OBJC_ISA_USAGE = YES_ERROR;
				CLANG_WARN_DOCUMENTATION_COMMENTS = YES;
				CLANG_WARN_EMPTY_BODY = YES;
				CLANG_WARN_ENUM_CONVERSION = YES;
				CLANG_WARN_INFINITE_RECURSION = YES;
				CLANG_WARN_INT_CONVERSION = YES;
				CLANG_WARN_NON_LITERAL_NULL_CONVERSION = YES;
				CLANG_WARN_OBJC_IMPLICIT_RETAIN_SELF = YES;
				CLANG_WARN_OBJC_LITERAL_CONVERSION = YES;
				CLANG_WARN_OBJC_ROOT_CLASS = YES_ERROR;
				CLANG_WARN_QUOTED_INCLUDE_IN_FRAMEWORK_HEADER = YES;
				CLANG_WARN_RANGE_LOOP_ANALYSIS = YES;
				CLANG_WARN_STRICT_PROTOTYPES = YES;
				CLANG_WARN_SUSPICIOUS_MOVE = YES;
				CLANG_WARN_UNGUARDED_AVAILABILITY = YES_AGGRESSIVE;
				CLANG_WARN_UNREACHABLE_CODE = YES;
				CLANG_WARN__DUPLICATE_METHOD_MATCH = YES;
				COPY_PHASE_STRIP = NO;
				DEBUG_INFORMATION_FORMAT = "dwarf-with-dsym";
				ENABLE_NS_ASSERTIONS = NO;
				ENABLE_STRICT_OBJC_MSGSEND = YES;
				GCC_C_LANGUAGE_STANDARD = gnu11;
				GCC_NO_COMMON_BLOCKS = YES;
				GCC_WARN_64_TO_32_BIT_CONVERSION = YES;
				GCC_WARN_ABOUT_RETURN_TYPE = YES_ERROR;
				GCC_WARN_UNDECLARED_SELECTOR = YES;
				GCC_WARN_UNINITIALIZED_AUTOS = YES_AGGRESSIVE;
				GCC_WARN_UNUSED_FUNCTION = YES;
				GCC_WARN_UNUSED_VARIABLE = YES;
				IPHONEOS_DEPLOYMENT_TARGET = 16.4;
				MTL_ENABLE_DEBUG_INFO = NO;
				MTL_FAST_MATH = YES;
				SDKROOT = iphoneos;
				SWIFT_COMPILATION_MODE = wholemodule;
				SWIFT_OPTIMIZATION_LEVEL = "-O";
				VALIDATE_PRODUCT = YES;
			};
			name = Release;
		};
		AAA1CA3D2A4E94F100990952 /* Debug */ = {
			isa = XCBuildConfiguration;
			baseConfigurationReference = FA58B385D1A3DCF8EA0FF0EA /* Pods-MyOcrReader.debug.xcconfig */;
			buildSettings = {
				ASSETCATALOG_COMPILER_APPICON_NAME = AppIcon;
				ASSETCATALOG_COMPILER_GLOBAL_ACCENT_COLOR_NAME = AccentColor;
				CODE_SIGN_STYLE = Automatic;
				CURRENT_PROJECT_VERSION = 1;
				DEVELOPMENT_ASSET_PATHS = "\"MyOcrReader/Preview Content\"";
				ENABLE_PREVIEWS = YES;
				GENERATE_INFOPLIST_FILE = YES;
				INFOPLIST_KEY_UIApplicationSceneManifest_Generation = YES;
				INFOPLIST_KEY_UIApplicationSupportsIndirectInputEvents = YES;
				INFOPLIST_KEY_UILaunchScreen_Generation = YES;
				INFOPLIST_KEY_UISupportedInterfaceOrientations_iPad = "UIInterfaceOrientationPortrait UIInterfaceOrientationPortraitUpsideDown UIInterfaceOrientationLandscapeLeft UIInterfaceOrientationLandscapeRight";
				INFOPLIST_KEY_UISupportedInterfaceOrientations_iPhone = "UIInterfaceOrientationPortrait UIInterfaceOrientationLandscapeLeft UIInterfaceOrientationLandscapeRight";
				LD_RUNPATH_SEARCH_PATHS = (
					"$(inherited)",
					"@executable_path/Frameworks",
				);
				MARKETING_VERSION = 1.0;
				PRODUCT_BUNDLE_IDENTIFIER = com.github.pedroluis02.MyOcrReader;
				PRODUCT_NAME = "$(TARGET_NAME)";
				SWIFT_EMIT_LOC_STRINGS = YES;
				SWIFT_VERSION = 5.0;
				TARGETED_DEVICE_FAMILY = "1,2";
			};
			name = Debug;
		};
		AAA1CA3E2A4E94F100990952 /* Release */ = {
			isa = XCBuildConfiguration;
			baseConfigurationReference = 1CAE7CBC43FDEE113F51285C /* Pods-MyOcrReader.release.xcconfig */;
			buildSettings = {
				ASSETCATALOG_COMPILER_APPICON_NAME = AppIcon;
				ASSETCATALOG_COMPILER_GLOBAL_ACCENT_COLOR_NAME = AccentColor;
				CODE_SIGN_STYLE = Automatic;
				CURRENT_PROJECT_VERSION = 1;
				DEVELOPMENT_ASSET_PATHS = "\"MyOcrReader/Preview Content\"";
				ENABLE_PREVIEWS = YES;
				GENERATE_INFOPLIST_FILE = YES;
				INFOPLIST_KEY_UIApplicationSceneManifest_Generation = YES;
				INFOPLIST_KEY_UIApplicationSupportsIndirectInputEvents = YES;
				INFOPLIST_KEY_UILaunchScreen_Generation = YES;
				INFOPLIST_KEY_UISupportedInterfaceOrientations_iPad = "UIInterfaceOrientationPortrait UIInterfaceOrientationPortraitUpsideDown UIInterfaceOrientationLandscapeLeft UIInterfaceOrientationLandscapeRight";
				INFOPLIST_KEY_UISupportedInterfaceOrientations_iPhone = "UIInterfaceOrientationPortrait UIInterfaceOrientationLandscapeLeft UIInterfaceOrientationLandscapeRight";
				LD_RUNPATH_SEARCH_PATHS = (
					"$(inherited)",
					"@executable_path/Frameworks",
				);
				MARKETING_VERSION = 1.0;
				PRODUCT_BUNDLE_IDENTIFIER = com.github.pedroluis02.MyOcrReader;
				PRODUCT_NAME = "$(TARGET_NAME)";
				SWIFT_EMIT_LOC_STRINGS = YES;
				SWIFT_VERSION = 5.0;
				TARGETED_DEVICE_FAMILY = "1,2";
			};
			name = Release;
		};
		AAA1CA402A4E94F100990952 /* Debug */ = {
			isa = XCBuildConfiguration;
			baseConfigurationReference = CC5933F2058BAD985AFDA14D /* Pods-MyOcrReaderTests.debug.xcconfig */;
			buildSettings = {
				ALWAYS_EMBED_SWIFT_STANDARD_LIBRARIES = YES;
				BUNDLE_LOADER = "$(TEST_HOST)";
				CODE_SIGN_STYLE = Automatic;
				CURRENT_PROJECT_VERSION = 1;
				GENERATE_INFOPLIST_FILE = YES;
				IPHONEOS_DEPLOYMENT_TARGET = 16.4;
				MARKETING_VERSION = 1.0;
				PRODUCT_BUNDLE_IDENTIFIER = com.github.pedroluis02.MyOcrReaderTests;
				PRODUCT_NAME = "$(TARGET_NAME)";
				SWIFT_EMIT_LOC_STRINGS = NO;
				SWIFT_VERSION = 5.0;
				TARGETED_DEVICE_FAMILY = "1,2";
				TEST_HOST = "$(BUILT_PRODUCTS_DIR)/MyOcrReader.app/$(BUNDLE_EXECUTABLE_FOLDER_PATH)/MyOcrReader";
			};
			name = Debug;
		};
		AAA1CA412A4E94F100990952 /* Release */ = {
			isa = XCBuildConfiguration;
			baseConfigurationReference = 355FE1CBF35D644F3EAC1FAD /* Pods-MyOcrReaderTests.release.xcconfig */;
			buildSettings = {
				ALWAYS_EMBED_SWIFT_STANDARD_LIBRARIES = YES;
				BUNDLE_LOADER = "$(TEST_HOST)";
				CODE_SIGN_STYLE = Automatic;
				CURRENT_PROJECT_VERSION = 1;
				GENERATE_INFOPLIST_FILE = YES;
				IPHONEOS_DEPLOYMENT_TARGET = 16.4;
				MARKETING_VERSION = 1.0;
				PRODUCT_BUNDLE_IDENTIFIER = com.github.pedroluis02.MyOcrReaderTests;
				PRODUCT_NAME = "$(TARGET_NAME)";
				SWIFT_EMIT_LOC_STRINGS = NO;
				SWIFT_VERSION = 5.0;
				TARGETED_DEVICE_FAMILY = "1,2";
				TEST_HOST = "$(BUILT_PRODUCTS_DIR)/MyOcrReader.app/$(BUNDLE_EXECUTABLE_FOLDER_PATH)/MyOcrReader";
			};
			name = Release;
		};
		AAA1CA432A4E94F100990952 /* Debug */ = {
			isa = XCBuildConfiguration;
			baseConfigurationReference = A99513A8DF87DB33F0E92B92 /* Pods-MyOcrReader-MyOcrReaderUITests.debug.xcconfig */;
			buildSettings = {
				ALWAYS_EMBED_SWIFT_STANDARD_LIBRARIES = YES;
				CODE_SIGN_STYLE = Automatic;
				CURRENT_PROJECT_VERSION = 1;
				GENERATE_INFOPLIST_FILE = YES;
				MARKETING_VERSION = 1.0;
				PRODUCT_BUNDLE_IDENTIFIER = com.github.pedroluis02.MyOcrReaderUITests;
				PRODUCT_NAME = "$(TARGET_NAME)";
				SWIFT_EMIT_LOC_STRINGS = NO;
				SWIFT_VERSION = 5.0;
				TARGETED_DEVICE_FAMILY = "1,2";
				TEST_TARGET_NAME = MyOcrReader;
			};
			name = Debug;
		};
		AAA1CA442A4E94F100990952 /* Release */ = {
			isa = XCBuildConfiguration;
			baseConfigurationReference = C41CAADA6DE025117823D71D /* Pods-MyOcrReader-MyOcrReaderUITests.release.xcconfig */;
			buildSettings = {
				ALWAYS_EMBED_SWIFT_STANDARD_LIBRARIES = YES;
				CODE_SIGN_STYLE = Automatic;
				CURRENT_PROJECT_VERSION = 1;
				GENERATE_INFOPLIST_FILE = YES;
				MARKETING_VERSION = 1.0;
				PRODUCT_BUNDLE_IDENTIFIER = com.github.pedroluis02.MyOcrReaderUITests;
				PRODUCT_NAME = "$(TARGET_NAME)";
				SWIFT_EMIT_LOC_STRINGS = NO;
				SWIFT_VERSION = 5.0;
				TARGETED_DEVICE_FAMILY = "1,2";
				TEST_TARGET_NAME = MyOcrReader;
			};
			name = Release;
		};
/* End XCBuildConfiguration section */

/* Begin XCConfigurationList section */
		AAA1CA132A4E94EE00990952 /* Build configuration list for PBXProject "MyOcrReader" */ = {
			isa = XCConfigurationList;
			buildConfigurations = (
				AAA1CA3A2A4E94F100990952 /* Debug */,
				AAA1CA3B2A4E94F100990952 /* Release */,
			);
			defaultConfigurationIsVisible = 0;
			defaultConfigurationName = Release;
		};
		AAA1CA3C2A4E94F100990952 /* Build configuration list for PBXNativeTarget "MyOcrReader" */ = {
			isa = XCConfigurationList;
			buildConfigurations = (
				AAA1CA3D2A4E94F100990952 /* Debug */,
				AAA1CA3E2A4E94F100990952 /* Release */,
			);
			defaultConfigurationIsVisible = 0;
			defaultConfigurationName = Release;
		};
		AAA1CA3F2A4E94F100990952 /* Build configuration list for PBXNativeTarget "MyOcrReaderTests" */ = {
			isa = XCConfigurationList;
			buildConfigurations = (
				AAA1CA402A4E94F100990952 /* Debug */,
				AAA1CA412A4E94F100990952 /* Release */,
			);
			defaultConfigurationIsVisible = 0;
			defaultConfigurationName = Release;
		};
		AAA1CA422A4E94F100990952 /* Build configuration list for PBXNativeTarget "MyOcrReaderUITests" */ = {
			isa = XCConfigurationList;
			buildConfigurations = (
				AAA1CA432A4E94F100990952 /* Debug */,
				AAA1CA442A4E94F100990952 /* Release */,
			);
			defaultConfigurationIsVisible = 0;
			defaultConfigurationName = Release;
		};
/* End XCConfigurationList section */
	};
	rootObject = AAA1CA102A4E94EE00990952 /* Project object */;
}
